
Microsoft Visual Studio Solution File, Format Version 12.00
# Visual Studio Version 17
VisualStudioVersion = 17.13.35931.197 d17.13
MinimumVisualStudioVersion = 10.0.40219.1
Project("{FAE04EC0-301F-11D3-BF4B-00C04F79EFBC}") = "SickEaseOverlay", "SickEaseOverlay\SickEaseOverlay.csproj", "{9564BA4A-7C7D-48B6-9913-30A2870E58A0}"
EndProject
Global
	GlobalSection(SolutionConfigurationPlatforms) = preSolution
		Debug|Any CPU = Debug|Any CPU
		Release|Any CPU = Release|Any CPU
	EndGlobalSection
	GlobalSection(ProjectConfigurationPlatforms) = postSolution
		{9564BA4A-7C7D-48B6-9913-30A2870E58A0}.Debug|Any CPU.ActiveCfg = Debug|Any CPU
		{9564BA4A-7C7D-48B6-9913-30A2870E58A0}.Debug|Any CPU.Build.0 = Debug|Any CPU
		{9564BA4A-7C7D-48B6-9913-30A2870E58A0}.Release|Any CPU.ActiveCfg = Release|Any CPU
		{9564BA4A-7C7D-48B6-9913-30A2870E58A0}.Release|Any CPU.Build.0 = Release|Any CPU
	EndGlobalSection
	GlobalSection(SolutionProperties) = preSolution
		HideSolutionNode = FALSE
	EndGlobalSection
	GlobalSection(ExtensibilityGlobals) = postSolution
		SolutionGuid = {3AAF5162-55F9-4FDB-966F-B9BDB93E59B5}
	EndGlobalSection
EndGlobal
